
Microsoft Visual Studio Solution File, Format Version 12.00
# Visual Studio 2013
VisualStudioVersion = 12.0.21005.1
MinimumVisualStudioVersion = 10.0.40219.1
Project("{FAE04EC0-301F-11D3-BF4B-00C04F79EFBC}") = "01.ExchangeNumbers", "01.ExchangeNumbers\01.ExchangeNumbers.csproj", "{2FD853E4-986F-4BF5-A97C-81B609FF63D4}"
EndProject
Project("{FAE04EC0-301F-11D3-BF4B-00C04F79EFBC}") = "02.BonusScore", "02.BonusScore\02.BonusScore.csproj", "{9D47B102-0DDE-4FFC-8C07-5CFCFF061F01}"
EndProject
Project("{FAE04EC0-301F-11D3-BF4B-00C04F79EFBC}") = "03.CheckPlayCard", "03.CheckPlayCard\03.CheckPlayCard.csproj", "{5B5C04AB-E9D5-4B5E-8DB4-BFFF035CB591}"
EndProject
Project("{FAE04EC0-301F-11D3-BF4B-00C04F79EFBC}") = "04.MultiplicationSign", "04.MultiplicationSign\04.MultiplicationSign.csproj", "{75CA533F-7CAB-46CD-BB24-657F5FB28D6B}"
EndProject
Project("{FAE04EC0-301F-11D3-BF4B-00C04F79EFBC}") = "05.BiggestNumber", "05.BiggestNumber\05.BiggestNumber.csproj", "{8545DA40-956D-48A8-86A4-EAF9F682156C}"
EndProject
Project("{FAE04EC0-301F-11D3-BF4B-00C04F79EFBC}") = "06.BiggestOfFive", "06.BiggestOfFive\06.BiggestOfFive.csproj", "{90BCF676-DC39-4BAA-B1EA-09E9922119F4}"
EndProject
Project("{FAE04EC0-301F-11D3-BF4B-00C04F79EFBC}") = "07.SortNumbers", "07.SortNumbers\07.SortNumbers.csproj", "{348ECE40-BBDB-44EF-BA90-B58E274C4171}"
EndProject
Project("{FAE04EC0-301F-11D3-BF4B-00C04F79EFBC}") = "08.DigitAsWord", "08.DigitAsWord\08.DigitAsWord.csproj", "{93125957-FD62-4ABE-A738-6A99663F8B19}"
EndProject
Project("{FAE04EC0-301F-11D3-BF4B-00C04F79EFBC}") = "09.PlayWithTypes", "09.PlayWithTypes\09.PlayWithTypes.csproj", "{5968B3FA-E8E7-4FE3-BF36-AE312E3A8ACB}"
EndProject
Global
	GlobalSection(SolutionConfigurationPlatforms) = preSolution
		Debug|Any CPU = Debug|Any CPU
		Release|Any CPU = Release|Any CPU
	EndGlobalSection
	GlobalSection(ProjectConfigurationPlatforms) = postSolution
		{2FD853E4-986F-4BF5-A97C-81B609FF63D4}.Debug|Any CPU.ActiveCfg = Debug|Any CPU
		{2FD853E4-986F-4BF5-A97C-81B609FF63D4}.Debug|Any CPU.Build.0 = Debug|Any CPU
		{2FD853E4-986F-4BF5-A97C-81B609FF63D4}.Release|Any CPU.ActiveCfg = Release|Any CPU
		{2FD853E4-986F-4BF5-A97C-81B609FF63D4}.Release|Any CPU.Build.0 = Release|Any CPU
		{9D47B102-0DDE-4FFC-8C07-5CFCFF061F01}.Debug|Any CPU.ActiveCfg = Debug|Any CPU
		{9D47B102-0DDE-4FFC-8C07-5CFCFF061F01}.Debug|Any CPU.Build.0 = Debug|Any CPU
		{9D47B102-0DDE-4FFC-8C07-5CFCFF061F01}.Release|Any CPU.ActiveCfg = Release|Any CPU
		{9D47B102-0DDE-4FFC-8C07-5CFCFF061F01}.Release|Any CPU.Build.0 = Release|Any CPU
		{5B5C04AB-E9D5-4B5E-8DB4-BFFF035CB591}.Debug|Any CPU.ActiveCfg = Debug|Any CPU
		{5B5C04AB-E9D5-4B5E-8DB4-BFFF035CB591}.Debug|Any CPU.Build.0 = Debug|Any CPU
		{5B5C04AB-E9D5-4B5E-8DB4-BFFF035CB591}.Release|Any CPU.ActiveCfg = Release|Any CPU
		{5B5C04AB-E9D5-4B5E-8DB4-BFFF035CB591}.Release|Any CPU.Build.0 = Release|Any CPU
		{75CA533F-7CAB-46CD-BB24-657F5FB28D6B}.Debug|Any CPU.ActiveCfg = Debug|Any CPU
		{75CA533F-7CAB-46CD-BB24-657F5FB28D6B}.Debug|Any CPU.Build.0 = Debug|Any CPU
		{75CA533F-7CAB-46CD-BB24-657F5FB28D6B}.Release|Any CPU.ActiveCfg = Release|Any CPU
		{75CA533F-7CAB-46CD-BB24-657F5FB28D6B}.Release|Any CPU.Build.0 = Release|Any CPU
		{8545DA40-956D-48A8-86A4-EAF9F682156C}.Debug|Any CPU.ActiveCfg = Debug|Any CPU
		{8545DA40-956D-48A8-86A4-EAF9F682156C}.Debug|Any CPU.Build.0 = Debug|Any CPU
		{8545DA40-956D-48A8-86A4-EAF9F682156C}.Release|Any CPU.ActiveCfg = Release|Any CPU
		{8545DA40-956D-48A8-86A4-EAF9F682156C}.Release|Any CPU.Build.0 = Release|Any CPU
		{90BCF676-DC39-4BAA-B1EA-09E9922119F4}.Debug|Any CPU.ActiveCfg = Debug|Any CPU
		{90BCF676-DC39-4BAA-B1EA-09E9922119F4}.Debug|Any CPU.Build.0 = Debug|Any CPU
		{90BCF676-DC39-4BAA-B1EA-09E9922119F4}.Release|Any CPU.ActiveCfg = Release|Any CPU
		{90BCF676-DC39-4BAA-B1EA-09E9922119F4}.Release|Any CPU.Build.0 = Release|Any CPU
		{348ECE40-BBDB-44EF-BA90-B58E274C4171}.Debug|Any CPU.ActiveCfg = Debug|Any CPU
		{348ECE40-BBDB-44EF-BA90-B58E274C4171}.Debug|Any CPU.Build.0 = Debug|Any CPU
		{348ECE40-BBDB-44EF-BA90-B58E274C4171}.Release|Any CPU.ActiveCfg = Release|Any CPU
		{348ECE40-BBDB-44EF-BA90-B58E274C4171}.Release|Any CPU.Build.0 = Release|Any CPU
		{93125957-FD62-4ABE-A738-6A99663F8B19}.Debug|Any CPU.ActiveCfg = Debug|Any CPU
		{93125957-FD62-4ABE-A738-6A99663F8B19}.Debug|Any CPU.Build.0 = Debug|Any CPU
		{93125957-FD62-4ABE-A738-6A99663F8B19}.Release|Any CPU.ActiveCfg = Release|Any CPU
		{93125957-FD62-4ABE-A738-6A99663F8B19}.Release|Any CPU.Build.0 = Release|Any CPU
		{5968B3FA-E8E7-4FE3-BF36-AE312E3A8ACB}.Debug|Any CPU.ActiveCfg = Debug|Any CPU
		{5968B3FA-E8E7-4FE3-BF36-AE312E3A8ACB}.Debug|Any CPU.Build.0 = Debug|Any CPU
		{5968B3FA-E8E7-4FE3-BF36-AE312E3A8ACB}.Release|Any CPU.ActiveCfg = Release|Any CPU
		{5968B3FA-E8E7-4FE3-BF36-AE312E3A8ACB}.Release|Any CPU.Build.0 = Release|Any CPU
	EndGlobalSection
	GlobalSection(SolutionProperties) = preSolution
		HideSolutionNode = FALSE
	EndGlobalSection
EndGlobal
