
Microsoft Visual Studio Solution File, Format Version 12.00
# Visual Studio 2013
VisualStudioVersion = 12.0.21005.1
MinimumVisualStudioVersion = 10.0.40219.1
Project("{FAE04EC0-301F-11D3-BF4B-00C04F79EFBC}") = "01.DeclareVariables", "01.DeclareVariables\01.DeclareVariables.csproj", "{236F446F-EE3B-4839-A128-AB71DE537FD4}"
EndProject
Project("{FAE04EC0-301F-11D3-BF4B-00C04F79EFBC}") = "02.FloatOrDuble", "03.FloatOrDuble\02.FloatOrDuble.csproj", "{D8A76DFB-88BB-499E-81FD-3ECB8C73AE76}"
EndProject
Project("{FAE04EC0-301F-11D3-BF4B-00C04F79EFBC}") = "03.HexVariable", "03.HexVariable\03.HexVariable.csproj", "{C9C1B442-7836-44B7-8E4A-5D2CC21E182A}"
EndProject
Project("{FAE04EC0-301F-11D3-BF4B-00C04F79EFBC}") = "04.UnicodeCharacter", "04.UnicodeCharacter\04.UnicodeCharacter.csproj", "{BAEB0ECE-F6F9-4477-811D-7778B9A7CFD8}"
EndProject
Project("{FAE04EC0-301F-11D3-BF4B-00C04F79EFBC}") = "05.BooleanVariable", "05.BooleanVariable\05.BooleanVariable.csproj", "{181B717A-13BB-45AB-A165-4AF9A5A55DEA}"
EndProject
Project("{FAE04EC0-301F-11D3-BF4B-00C04F79EFBC}") = "06.StringsAndObjects", "06.StringsAndObjects\06.StringsAndObjects.csproj", "{808E4609-1D2F-49FD-9D5F-1636C7DE5ECB}"
EndProject
Project("{FAE04EC0-301F-11D3-BF4B-00C04F79EFBC}") = "07.QuotesInString", "07.QuotesInString\07.QuotesInString.csproj", "{0CEDCA8D-F179-4E13-9D51-999F0F2A70FE}"
EndProject
Project("{FAE04EC0-301F-11D3-BF4B-00C04F79EFBC}") = "08.IsoscelesTriangle", "08.IsoscelesTriangle\08.IsoscelesTriangle.csproj", "{406793A8-9A75-4518-A80F-E62F86DE1023}"
EndProject
Project("{FAE04EC0-301F-11D3-BF4B-00C04F79EFBC}") = "09.ExchangeVariables", "09.ExchangeVariables\09.ExchangeVariables.csproj", "{8F221DC1-A4AA-405F-8762-C9EEBFEF9104}"
EndProject
Project("{FAE04EC0-301F-11D3-BF4B-00C04F79EFBC}") = "10.EmployeeData", "10.EmployeeData\10.EmployeeData.csproj", "{AAC015CF-A2C7-4CC1-8206-2145143CF267}"
EndProject
Project("{FAE04EC0-301F-11D3-BF4B-00C04F79EFBC}") = "11.BankAccount", "11.BankAccount\11.BankAccount.csproj", "{F3DB280E-B535-44B6-84D0-DB910A476A2E}"
EndProject
Project("{FAE04EC0-301F-11D3-BF4B-00C04F79EFBC}") = "12.NullValues", "12.NullValues\12.NullValues.csproj", "{1E3CE530-9B4F-495A-9046-C024E33AD671}"
EndProject
Global
	GlobalSection(SolutionConfigurationPlatforms) = preSolution
		Debug|Any CPU = Debug|Any CPU
		Release|Any CPU = Release|Any CPU
	EndGlobalSection
	GlobalSection(ProjectConfigurationPlatforms) = postSolution
		{236F446F-EE3B-4839-A128-AB71DE537FD4}.Debug|Any CPU.ActiveCfg = Debug|Any CPU
		{236F446F-EE3B-4839-A128-AB71DE537FD4}.Debug|Any CPU.Build.0 = Debug|Any CPU
		{236F446F-EE3B-4839-A128-AB71DE537FD4}.Release|Any CPU.ActiveCfg = Release|Any CPU
		{236F446F-EE3B-4839-A128-AB71DE537FD4}.Release|Any CPU.Build.0 = Release|Any CPU
		{D8A76DFB-88BB-499E-81FD-3ECB8C73AE76}.Debug|Any CPU.ActiveCfg = Debug|Any CPU
		{D8A76DFB-88BB-499E-81FD-3ECB8C73AE76}.Debug|Any CPU.Build.0 = Debug|Any CPU
		{D8A76DFB-88BB-499E-81FD-3ECB8C73AE76}.Release|Any CPU.ActiveCfg = Release|Any CPU
		{D8A76DFB-88BB-499E-81FD-3ECB8C73AE76}.Release|Any CPU.Build.0 = Release|Any CPU
		{C9C1B442-7836-44B7-8E4A-5D2CC21E182A}.Debug|Any CPU.ActiveCfg = Debug|Any CPU
		{C9C1B442-7836-44B7-8E4A-5D2CC21E182A}.Debug|Any CPU.Build.0 = Debug|Any CPU
		{C9C1B442-7836-44B7-8E4A-5D2CC21E182A}.Release|Any CPU.ActiveCfg = Release|Any CPU
		{C9C1B442-7836-44B7-8E4A-5D2CC21E182A}.Release|Any CPU.Build.0 = Release|Any CPU
		{BAEB0ECE-F6F9-4477-811D-7778B9A7CFD8}.Debug|Any CPU.ActiveCfg = Debug|Any CPU
		{BAEB0ECE-F6F9-4477-811D-7778B9A7CFD8}.Debug|Any CPU.Build.0 = Debug|Any CPU
		{BAEB0ECE-F6F9-4477-811D-7778B9A7CFD8}.Release|Any CPU.ActiveCfg = Release|Any CPU
		{BAEB0ECE-F6F9-4477-811D-7778B9A7CFD8}.Release|Any CPU.Build.0 = Release|Any CPU
		{181B717A-13BB-45AB-A165-4AF9A5A55DEA}.Debug|Any CPU.ActiveCfg = Debug|Any CPU
		{181B717A-13BB-45AB-A165-4AF9A5A55DEA}.Debug|Any CPU.Build.0 = Debug|Any CPU
		{181B717A-13BB-45AB-A165-4AF9A5A55DEA}.Release|Any CPU.ActiveCfg = Release|Any CPU
		{181B717A-13BB-45AB-A165-4AF9A5A55DEA}.Release|Any CPU.Build.0 = Release|Any CPU
		{808E4609-1D2F-49FD-9D5F-1636C7DE5ECB}.Debug|Any CPU.ActiveCfg = Debug|Any CPU
		{808E4609-1D2F-49FD-9D5F-1636C7DE5ECB}.Debug|Any CPU.Build.0 = Debug|Any CPU
		{808E4609-1D2F-49FD-9D5F-1636C7DE5ECB}.Release|Any CPU.ActiveCfg = Release|Any CPU
		{808E4609-1D2F-49FD-9D5F-1636C7DE5ECB}.Release|Any CPU.Build.0 = Release|Any CPU
		{0CEDCA8D-F179-4E13-9D51-999F0F2A70FE}.Debug|Any CPU.ActiveCfg = Debug|Any CPU
		{0CEDCA8D-F179-4E13-9D51-999F0F2A70FE}.Debug|Any CPU.Build.0 = Debug|Any CPU
		{0CEDCA8D-F179-4E13-9D51-999F0F2A70FE}.Release|Any CPU.ActiveCfg = Release|Any CPU
		{0CEDCA8D-F179-4E13-9D51-999F0F2A70FE}.Release|Any CPU.Build.0 = Release|Any CPU
		{406793A8-9A75-4518-A80F-E62F86DE1023}.Debug|Any CPU.ActiveCfg = Debug|Any CPU
		{406793A8-9A75-4518-A80F-E62F86DE1023}.Debug|Any CPU.Build.0 = Debug|Any CPU
		{406793A8-9A75-4518-A80F-E62F86DE1023}.Release|Any CPU.ActiveCfg = Release|Any CPU
		{406793A8-9A75-4518-A80F-E62F86DE1023}.Release|Any CPU.Build.0 = Release|Any CPU
		{8F221DC1-A4AA-405F-8762-C9EEBFEF9104}.Debug|Any CPU.ActiveCfg = Debug|Any CPU
		{8F221DC1-A4AA-405F-8762-C9EEBFEF9104}.Debug|Any CPU.Build.0 = Debug|Any CPU
		{8F221DC1-A4AA-405F-8762-C9EEBFEF9104}.Release|Any CPU.ActiveCfg = Release|Any CPU
		{8F221DC1-A4AA-405F-8762-C9EEBFEF9104}.Release|Any CPU.Build.0 = Release|Any CPU
		{AAC015CF-A2C7-4CC1-8206-2145143CF267}.Debug|Any CPU.ActiveCfg = Debug|Any CPU
		{AAC015CF-A2C7-4CC1-8206-2145143CF267}.Debug|Any CPU.Build.0 = Debug|Any CPU
		{AAC015CF-A2C7-4CC1-8206-2145143CF267}.Release|Any CPU.ActiveCfg = Release|Any CPU
		{AAC015CF-A2C7-4CC1-8206-2145143CF267}.Release|Any CPU.Build.0 = Release|Any CPU
		{F3DB280E-B535-44B6-84D0-DB910A476A2E}.Debug|Any CPU.ActiveCfg = Debug|Any CPU
		{F3DB280E-B535-44B6-84D0-DB910A476A2E}.Debug|Any CPU.Build.0 = Debug|Any CPU
		{F3DB280E-B535-44B6-84D0-DB910A476A2E}.Release|Any CPU.ActiveCfg = Release|Any CPU
		{F3DB280E-B535-44B6-84D0-DB910A476A2E}.Release|Any CPU.Build.0 = Release|Any CPU
		{1E3CE530-9B4F-495A-9046-C024E33AD671}.Debug|Any CPU.ActiveCfg = Debug|Any CPU
		{1E3CE530-9B4F-495A-9046-C024E33AD671}.Debug|Any CPU.Build.0 = Debug|Any CPU
		{1E3CE530-9B4F-495A-9046-C024E33AD671}.Release|Any CPU.ActiveCfg = Release|Any CPU
		{1E3CE530-9B4F-495A-9046-C024E33AD671}.Release|Any CPU.Build.0 = Release|Any CPU
	EndGlobalSection
	GlobalSection(SolutionProperties) = preSolution
		HideSolutionNode = FALSE
	EndGlobalSection
EndGlobal
